{
  "name": "agentic-hil-loop-clis",
  "version": "0.0.0",
  "lockfileVersion": 3,
  "requires": true,
  "packages": {
    "": {
      "name": "agentic-hil-loop-clis",
      "version": "0.0.0",
      "license": "Apache-2.0",
      "dependencies": {
        "@anthropic-ai/claude-code": "2.1.218",
        "@openai/codex": "0.159.3"
      }
    },
    "node_modules/@anthropic-ai/claude-code": {
      "version": "2.1.218",
      "resolved": "https://registry.npmjs.org/@anthropic-ai/claude-code/-/claude-code-2.1.218.tgz",
      "integrity": "sha512-BHV951ruIa6QXaZFDF1wRhwxAOkAiafB2AOWG6wGRUJ4apaJ9mlzp1BFLAhGfG0SknwAyqBenqeT6nit6at4uQ==",
      "hasInstallScript": true,
      "license": "SEE LICENSE IN README.md",
      "bin": {
        "claude": "bin/claude.exe"
      },
      "engines": {
        "node": ">=22.0.0"
      },
      "optionalDependencies": {
        "@anthropic-ai/claude-code-darwin-arm64": "2.1.218",
        "@anthropic-ai/claude-code-darwin-x64": "2.1.218",
        "@anthropic-ai/claude-code-linux-arm64": "2.1.218",
        "@anthropic-ai/claude-code-linux-arm64-musl": "2.1.218",
        "@anthropic-ai/claude-code-linux-x64": "2.1.218",
        "@anthropic-ai/claude-code-linux-x64-musl": "2.1.218",
        "@anthropic-ai/claude-code-win32-arm64": "2.1.218",
        "@anthropic-ai/claude-code-win32-x64": "2.1.218"
      }
    },
    "node_modules/@anthropic-ai/claude-code-darwin-arm64": {
      "version": "2.1.218",
      "resolved": "https://registry.npmjs.org/@anthropic-ai/claude-code-darwin-arm64/-/claude-code-darwin-arm64-2.1.218.tgz",
      "integrity": "sha512-DPy7AUyFxUVMrSA6U+zlWKJwhnHlaNyx25vqJte148lbFqlRmo8axk+gKWZ9C7obCVUk3kyT9pHPkRhYyG8yAA==",
      "cpu": [
        "arm64"
      ],
      "license": "SEE LICENSE IN LICENSE.md",
      "optional": true,
      "os": [
        "darwin"
      ]
    },
    "node_modules/@anthropic-ai/claude-code-darwin-x64": {
      "version": "2.1.218",
      "resolved": "https://registry.npmjs.org/@anthropic-ai/claude-code-darwin-x64/-/claude-code-darwin-x64-2.1.218.tgz",
      "integrity": "sha512-bd6z2nWzQlD6WBqYcD6YIYT82plUgm9dl1fW1guZkY2EK94ZRCfb0gZOARbwpDln3rpUVD2j7B6CCG8wO/9IVQ==",
      "cpu": [
        "x64"
      ],
      "license": "SEE LICENSE IN LICENSE.md",
      "optional": true,
      "os": [
        "darwin"
      ]
    },
    "node_modules/@anthropic-ai/claude-code-linux-arm64": {
      "version": "2.1.218",
      "resolved": "https://registry.npmjs.org/@anthropic-ai/claude-code-linux-arm64/-/claude-code-linux-arm64-2.1.218.tgz",
      "integrity": "sha512-CcbVQCzXd9EnlktCEPrkElhdBZuqIWhkeinRGxUuZa6aal4h6J+8Dbo+OnfchBEzd1mahRDQK8BckGBAYozv2g==",
      "cpu": [
        "arm64"
      ],
      "libc": [
        "glibc"
      ],
      "license": "SEE LICENSE IN LICENSE.md",
      "optional": true,
      "os": [
        "linux"
      ]
    },
    "node_modules/@anthropic-ai/claude-code-linux-arm64-musl": {
      "version": "2.1.218",
      "resolved": "https://registry.npmjs.org/@anthropic-ai/claude-code-linux-arm64-musl/-/claude-code-linux-arm64-musl-2.1.218.tgz",
      "integrity": "sha512-LYNLmyGf5xpwOh/2iIua7UXyklsm0CzpLbUmFz6pmgUKIeDXK5OV86KpQ42JoUSPBzwti4u9XCWLm7ogr5QliQ==",
      "cpu": [
        "arm64"
      ],
      "libc": [
        "musl"
      ],
      "license": "SEE LICENSE IN LICENSE.md",
      "optional": true,
      "os": [
        "linux"
      ]
    },
    "node_modules/@anthropic-ai/claude-code-linux-x64": {
      "version": "2.1.218",
      "resolved": "https://registry.npmjs.org/@anthropic-ai/claude-code-linux-x64/-/claude-code-linux-x64-2.1.218.tgz",
      "integrity": "sha512-e132kA4dVipkVIWK66jpCncbJvLqvug2nD3zXEAdmaivuXNWvfQbMaXl6C0T2SusEimAoDirZz57MqKIGVVVcA==",
      "cpu": [
        "x64"
      ],
      "libc": [
        "glibc"
      ],
      "license": "SEE LICENSE IN LICENSE.md",
      "optional": true,
      "os": [
        "linux"
      ]
    },
    "node_modules/@anthropic-ai/claude-code-linux-x64-musl": {
      "version": "2.1.218",
      "resolved": "https://registry.npmjs.org/@anthropic-ai/claude-code-linux-x64-musl/-/claude-code-linux-x64-musl-2.1.218.tgz",
      "integrity": "sha512-9+pwWg+UCY5YyXPx29/k3bGvd4JK/CzPsL11uvkjdEar5n2ekdZjaYbGCGpHE6q/pVuHTeA6sLPsrD9f8u4Gqg==",
      "cpu": [
        "x64"
      ],
      "libc": [
        "musl"
      ],
      "license": "SEE LICENSE IN LICENSE.md",
      "optional": true,
      "os": [
        "linux"
      ]
    },
    "node_modules/@anthropic-ai/claude-code-win32-arm64": {
      "version": "2.1.218",
      "resolved": "https://registry.npmjs.org/@anthropic-ai/claude-code-win32-arm64/-/claude-code-win32-arm64-2.1.218.tgz",
      "integrity": "sha512-pihfgWnUuNdJxUUO2gVD/rR53Ua+0bkRpDDd7xt0dTEz/e1QP5D0mZMVo1t7eViNW6G3kpFJzqwRg2noJf0Byw==",
      "cpu": [
        "arm64"
      ],
      "license": "SEE LICENSE IN LICENSE.md",
      "optional": true,
      "os": [
        "win32"
      ]
    },
    "node_modules/@anthropic-ai/claude-code-win32-x64": {
      "version": "2.1.218",
      "resolved": "https://registry.npmjs.org/@anthropic-ai/claude-code-win32-x64/-/claude-code-win32-x64-2.1.218.tgz",
      "integrity": "sha512-yGtIK2Ko3ewdck++2Qw+iF6XjlnMKHNKfwK2tIk+H+KQpVH+I7kV9HzUUcrIMLv2D62j63RjwyUqMuHBYd5JfA==",
      "cpu": [
        "x64"
      ],
      "license": "SEE LICENSE IN LICENSE.md",
      "optional": true,
      "os": [
        "win32"
      ]
    },
    "node_modules/@openai/codex": {
      "version": "0.159.3",
      "resolved": "https://registry.npmjs.org/@openai/codex/-/codex-0.159.3.tgz",
      "integrity": "sha512-hg4nlqCwRb87GocxNnHvz4sadOrdJ71mO0a4CUYWXjAozJe2gtuAdRFldKGSQXw9m7SgR4ydis12KDVVPgzDkQ==",
      "license": "Apache-2.0",
      "bin": {
        "codex": "bin/codex.js"
      },
      "engines": {
        "node": ">=16"
      },
      "optionalDependencies": {
        "@openai/codex-darwin-arm64": "npm:@openai/codex@0.159.3-darwin-arm64",
        "@openai/codex-darwin-x64": "npm:@openai/codex@0.159.3-darwin-x64",
        "@openai/codex-linux-arm64": "npm:@openai/codex@0.159.3-linux-arm64",
        "@openai/codex-linux-x64": "npm:@openai/codex@0.159.3-linux-x64",
        "@openai/codex-win32-arm64": "npm:@openai/codex@0.159.3-win32-arm64",
        "@openai/codex-win32-x64": "npm:@openai/codex@0.159.3-win32-x64"
      }
    },
    "node_modules/@openai/codex-darwin-arm64": {
      "name": "@openai/codex",
      "version": "0.159.3-darwin-arm64",
      "resolved": "https://registry.npmjs.org/@openai/codex/-/codex-0.159.3-darwin-arm64.tgz",
      "integrity": "sha512-aI4UY14YURYxJxnRK+AE4QU+aek0mgtyyo7Rw9rNbCQUYETRQ0NYdJzU9ytljERGpPlht3dHHI1u4NhqHoDJDQ==",
      "cpu": [
        "arm64"
      ],
      "license": "Apache-2.0",
      "optional": true,
      "os": [
        "darwin"
      ],
      "engines": {
        "node": ">=16"
      }
    },
    "node_modules/@openai/codex-darwin-x64": {
      "name": "@openai/codex",
      "version": "0.159.3-darwin-x64",
      "resolved": "https://registry.npmjs.org/@openai/codex/-/codex-0.159.3-darwin-x64.tgz",
      "integrity": "sha512-KTOQOD184DMXpR3TqnDUnLsgad14WJn+x3XmjBaXRHchKYGttjREwqrwzC61xQYFeh6VkogAceybR+SMbbgvYQ==",
      "cpu": [
        "x64"
      ],
      "license": "Apache-2.0",
      "optional": true,
      "os": [
        "darwin"
      ],
      "engines": {
        "node": ">=16"
      }
    },
    "node_modules/@openai/codex-linux-arm64": {
      "name": "@openai/codex",
      "version": "0.159.3-linux-arm64",
      "resolved": "https://registry.npmjs.org/@openai/codex/-/codex-0.159.3-linux-arm64.tgz",
      "integrity": "sha512-84C1yhAI+i0hqh77Akp/Ma09Z4d5oLKcZKqW1WZpEDh8bKbNvvbNEd6pE+GMUe2Kwg7jCbuvkRNH1zgK+SCM3Q==",
      "cpu": [
        "arm64"
      ],
      "license": "Apache-2.0",
      "optional": true,
      "os": [
        "linux"
      ],
      "engines": {
        "node": ">=16"
      }
    },
    "node_modules/@openai/codex-linux-x64": {
      "name": "@openai/codex",
      "version": "0.159.3-linux-x64",
      "resolved": "https://registry.npmjs.org/@openai/codex/-/codex-0.159.3-linux-x64.tgz",
      "integrity": "sha512-xlHydfOksnNt/qz4BEVFvjMWunweaVSNtha/DkVUwWZnVZxbqiJwsXSl2iZDk04b6k/g0OI7jU06XqzHB2s5og==",
      "cpu": [
        "x64"
      ],
      "license": "Apache-2.0",
      "optional": true,
      "os": [
        "linux"
      ],
      "engines": {
        "node": ">=16"
      }
    },
    "node_modules/@openai/codex-win32-arm64": {
      "name": "@openai/codex",
      "version": "0.159.3-win32-arm64",
      "resolved": "https://registry.npmjs.org/@openai/codex/-/codex-0.159.3-win32-arm64.tgz",
      "integrity": "sha512-4C+EuH1zE4rO5w1MsrnS98Tvq6Ff4+zeNr3pVeR/UsQ+VrTY5BCA9nZuXuCXNLKak1tLOw81b+fQM4jKGFCeDA==",
      "cpu": [
        "arm64"
      ],
      "license": "Apache-2.0",
      "optional": true,
      "os": [
        "win32"
      ],
      "engines": {
        "node": ">=16"
      }
    },
    "node_modules/@openai/codex-win32-x64": {
      "name": "@openai/codex",
      "version": "0.159.3-win32-x64",
      "resolved": "https://registry.npmjs.org/@openai/codex/-/codex-0.159.3-win32-x64.tgz",
      "integrity": "sha512-h8w5nslfQyoYbonZaRlLwvPKFS9Mcxz5vUeCeoHKF5SsZUP9jSBH7hxUdc8RWJffJtfbV2qxdnImVAj9zy2fwA==",
      "cpu": [
        "x64"
      ],
      "license": "Apache-2.0",
      "optional": true,
      "os": [
        "win32"
      ],
      "engines": {
        "node": ">=16"
      }
    }
  }
}
