{
  "name": "agentic-hil-install-eval-clis",
  "version": "0.0.0",
  "lockfileVersion": 3,
  "requires": true,
  "packages": {
    "": {
      "name": "agentic-hil-install-eval-clis",
      "version": "0.0.0",
      "license": "Apache-2.0",
      "dependencies": {
        "@anthropic-ai/claude-code": "2.1.218",
        "@openai/codex": "0.145.0",
        "opencode-ai": "1.18.3"
      }
    },
    "node_modules/@anthropic-ai/claude-code": {
      "version": "2.1.218",
      "resolved": "https://registry.npmjs.org/@anthropic-ai/claude-code/-/claude-code-2.1.218.tgz",
      "integrity": "sha512-BHV951ruIa6QXaZFDF1wRhwxAOkAiafB2AOWG6wGRUJ4apaJ9mlzp1BFLAhGfG0SknwAyqBenqeT6nit6at4uQ==",
      "hasInstallScript": true,
      "license": "SEE LICENSE IN README.md",
      "bin": {
        "claude": "bin/claude.exe"
      },
      "engines": {
        "node": ">=22.0.0"
      },
      "optionalDependencies": {
        "@anthropic-ai/claude-code-darwin-arm64": "2.1.218",
        "@anthropic-ai/claude-code-darwin-x64": "2.1.218",
        "@anthropic-ai/claude-code-linux-arm64": "2.1.218",
        "@anthropic-ai/claude-code-linux-arm64-musl": "2.1.218",
        "@anthropic-ai/claude-code-linux-x64": "2.1.218",
        "@anthropic-ai/claude-code-linux-x64-musl": "2.1.218",
        "@anthropic-ai/claude-code-win32-arm64": "2.1.218",
        "@anthropic-ai/claude-code-win32-x64": "2.1.218"
      }
    },
    "node_modules/@anthropic-ai/claude-code-darwin-arm64": {
      "version": "2.1.218",
      "resolved": "https://registry.npmjs.org/@anthropic-ai/claude-code-darwin-arm64/-/claude-code-darwin-arm64-2.1.218.tgz",
      "integrity": "sha512-DPy7AUyFxUVMrSA6U+zlWKJwhnHlaNyx25vqJte148lbFqlRmo8axk+gKWZ9C7obCVUk3kyT9pHPkRhYyG8yAA==",
      "cpu": [
        "arm64"
      ],
      "license": "SEE LICENSE IN LICENSE.md",
      "optional": true,
      "os": [
        "darwin"
      ]
    },
    "node_modules/@anthropic-ai/claude-code-darwin-x64": {
      "version": "2.1.218",
      "resolved": "https://registry.npmjs.org/@anthropic-ai/claude-code-darwin-x64/-/claude-code-darwin-x64-2.1.218.tgz",
      "integrity": "sha512-bd6z2nWzQlD6WBqYcD6YIYT82plUgm9dl1fW1guZkY2EK94ZRCfb0gZOARbwpDln3rpUVD2j7B6CCG8wO/9IVQ==",
      "cpu": [
        "x64"
      ],
      "license": "SEE LICENSE IN LICENSE.md",
      "optional": true,
      "os": [
        "darwin"
      ]
    },
    "node_modules/@anthropic-ai/claude-code-linux-arm64": {
      "version": "2.1.218",
      "resolved": "https://registry.npmjs.org/@anthropic-ai/claude-code-linux-arm64/-/claude-code-linux-arm64-2.1.218.tgz",
      "integrity": "sha512-CcbVQCzXd9EnlktCEPrkElhdBZuqIWhkeinRGxUuZa6aal4h6J+8Dbo+OnfchBEzd1mahRDQK8BckGBAYozv2g==",
      "cpu": [
        "arm64"
      ],
      "libc": [
        "glibc"
      ],
      "license": "SEE LICENSE IN LICENSE.md",
      "optional": true,
      "os": [
        "linux"
      ]
    },
    "node_modules/@anthropic-ai/claude-code-linux-arm64-musl": {
      "version": "2.1.218",
      "resolved": "https://registry.npmjs.org/@anthropic-ai/claude-code-linux-arm64-musl/-/claude-code-linux-arm64-musl-2.1.218.tgz",
      "integrity": "sha512-LYNLmyGf5xpwOh/2iIua7UXyklsm0CzpLbUmFz6pmgUKIeDXK5OV86KpQ42JoUSPBzwti4u9XCWLm7ogr5QliQ==",
      "cpu": [
        "arm64"
      ],
      "libc": [
        "musl"
      ],
      "license": "SEE LICENSE IN LICENSE.md",
      "optional": true,
      "os": [
        "linux"
      ]
    },
    "node_modules/@anthropic-ai/claude-code-linux-x64": {
      "version": "2.1.218",
      "resolved": "https://registry.npmjs.org/@anthropic-ai/claude-code-linux-x64/-/claude-code-linux-x64-2.1.218.tgz",
      "integrity": "sha512-e132kA4dVipkVIWK66jpCncbJvLqvug2nD3zXEAdmaivuXNWvfQbMaXl6C0T2SusEimAoDirZz57MqKIGVVVcA==",
      "cpu": [
        "x64"
      ],
      "libc": [
        "glibc"
      ],
      "license": "SEE LICENSE IN LICENSE.md",
      "optional": true,
      "os": [
        "linux"
      ]
    },
    "node_modules/@anthropic-ai/claude-code-linux-x64-musl": {
      "version": "2.1.218",
      "resolved": "https://registry.npmjs.org/@anthropic-ai/claude-code-linux-x64-musl/-/claude-code-linux-x64-musl-2.1.218.tgz",
      "integrity": "sha512-9+pwWg+UCY5YyXPx29/k3bGvd4JK/CzPsL11uvkjdEar5n2ekdZjaYbGCGpHE6q/pVuHTeA6sLPsrD9f8u4Gqg==",
      "cpu": [
        "x64"
      ],
      "libc": [
        "musl"
      ],
      "license": "SEE LICENSE IN LICENSE.md",
      "optional": true,
      "os": [
        "linux"
      ]
    },
    "node_modules/@anthropic-ai/claude-code-win32-arm64": {
      "version": "2.1.218",
      "resolved": "https://registry.npmjs.org/@anthropic-ai/claude-code-win32-arm64/-/claude-code-win32-arm64-2.1.218.tgz",
      "integrity": "sha512-pihfgWnUuNdJxUUO2gVD/rR53Ua+0bkRpDDd7xt0dTEz/e1QP5D0mZMVo1t7eViNW6G3kpFJzqwRg2noJf0Byw==",
      "cpu": [
        "arm64"
      ],
      "license": "SEE LICENSE IN LICENSE.md",
      "optional": true,
      "os": [
        "win32"
      ]
    },
    "node_modules/@anthropic-ai/claude-code-win32-x64": {
      "version": "2.1.218",
      "resolved": "https://registry.npmjs.org/@anthropic-ai/claude-code-win32-x64/-/claude-code-win32-x64-2.1.218.tgz",
      "integrity": "sha512-yGtIK2Ko3ewdck++2Qw+iF6XjlnMKHNKfwK2tIk+H+KQpVH+I7kV9HzUUcrIMLv2D62j63RjwyUqMuHBYd5JfA==",
      "cpu": [
        "x64"
      ],
      "license": "SEE LICENSE IN LICENSE.md",
      "optional": true,
      "os": [
        "win32"
      ]
    },
    "node_modules/@openai/codex": {
      "version": "0.145.0",
      "resolved": "https://registry.npmjs.org/@openai/codex/-/codex-0.145.0.tgz",
      "integrity": "sha512-/PSPSFujjjmiyVFvG2yu/grOFhsWdokTH8t2KGWhXSo/M5n/dIDsnbsnO82/7bLtIoDuzQf7ATBUMWqPWQINlQ==",
      "license": "Apache-2.0",
      "bin": {
        "codex": "bin/codex.js"
      },
      "engines": {
        "node": ">=16"
      },
      "optionalDependencies": {
        "@openai/codex-darwin-arm64": "npm:@openai/codex@0.145.0-darwin-arm64",
        "@openai/codex-darwin-x64": "npm:@openai/codex@0.145.0-darwin-x64",
        "@openai/codex-linux-arm64": "npm:@openai/codex@0.145.0-linux-arm64",
        "@openai/codex-linux-x64": "npm:@openai/codex@0.145.0-linux-x64",
        "@openai/codex-win32-arm64": "npm:@openai/codex@0.145.0-win32-arm64",
        "@openai/codex-win32-x64": "npm:@openai/codex@0.145.0-win32-x64"
      }
    },
    "node_modules/@openai/codex-darwin-arm64": {
      "name": "@openai/codex",
      "version": "0.145.0-darwin-arm64",
      "resolved": "https://registry.npmjs.org/@openai/codex/-/codex-0.145.0-darwin-arm64.tgz",
      "integrity": "sha512-h6aQ0UxnaP8mIM/9/qPAH9MNkRliJo88toq1T36IxNM2L5JSU0TFamu+MZn7YkFgDsrp0RfiI+97Tm8AVVxqtA==",
      "cpu": [
        "arm64"
      ],
      "license": "Apache-2.0",
      "optional": true,
      "os": [
        "darwin"
      ],
      "engines": {
        "node": ">=16"
      }
    },
    "node_modules/@openai/codex-darwin-x64": {
      "name": "@openai/codex",
      "version": "0.145.0-darwin-x64",
      "resolved": "https://registry.npmjs.org/@openai/codex/-/codex-0.145.0-darwin-x64.tgz",
      "integrity": "sha512-FCYzVKCa9VoLtg9gVyzKpqylonfgZrfcWZN6HsXAZPeuo8CukdMqdgTUOhDn2V6h3MbqS0z6VqQVKUllN/yKhA==",
      "cpu": [
        "x64"
      ],
      "license": "Apache-2.0",
      "optional": true,
      "os": [
        "darwin"
      ],
      "engines": {
        "node": ">=16"
      }
    },
    "node_modules/@openai/codex-linux-arm64": {
      "name": "@openai/codex",
      "version": "0.145.0-linux-arm64",
      "resolved": "https://registry.npmjs.org/@openai/codex/-/codex-0.145.0-linux-arm64.tgz",
      "integrity": "sha512-8OLcPXaAol/FOrRoDxWhIiHIFa73KRsM41EKocjRZOwiT4TcelzJWn3dHyiuSb7teWF25rrslvSPyvhULYRRCQ==",
      "cpu": [
        "arm64"
      ],
      "license": "Apache-2.0",
      "optional": true,
      "os": [
        "linux"
      ],
      "engines": {
        "node": ">=16"
      }
    },
    "node_modules/@openai/codex-linux-x64": {
      "name": "@openai/codex",
      "version": "0.145.0-linux-x64",
      "resolved": "https://registry.npmjs.org/@openai/codex/-/codex-0.145.0-linux-x64.tgz",
      "integrity": "sha512-u8w8LLv3DvsfrDCoswLIemZ0SoNEXyi511WsfFsSiYUazk9qMsB/NtU8N9vhAfN7mZAxLFoMex4v66JjHuZWwA==",
      "cpu": [
        "x64"
      ],
      "license": "Apache-2.0",
      "optional": true,
      "os": [
        "linux"
      ],
      "engines": {
        "node": ">=16"
      }
    },
    "node_modules/@openai/codex-win32-arm64": {
      "name": "@openai/codex",
      "version": "0.145.0-win32-arm64",
      "resolved": "https://registry.npmjs.org/@openai/codex/-/codex-0.145.0-win32-arm64.tgz",
      "integrity": "sha512-sub61rjEFevi1i3Zx7nAd4JM5XxoNFqMqFc5LfTo2xSI8ixHjFvEYDFDXwXOftT04n3Ht1Wh271ioUZpDiEjEg==",
      "cpu": [
        "arm64"
      ],
      "license": "Apache-2.0",
      "optional": true,
      "os": [
        "win32"
      ],
      "engines": {
        "node": ">=16"
      }
    },
    "node_modules/@openai/codex-win32-x64": {
      "name": "@openai/codex",
      "version": "0.145.0-win32-x64",
      "resolved": "https://registry.npmjs.org/@openai/codex/-/codex-0.145.0-win32-x64.tgz",
      "integrity": "sha512-u0h9lk094CaXRSqE34SBW2dRaQTPa6fASXqehczWH9QdsU62mBsiAgAdp6tCG4i+YzPmmhjD8FdXNnYGNmwuMg==",
      "cpu": [
        "x64"
      ],
      "license": "Apache-2.0",
      "optional": true,
      "os": [
        "win32"
      ],
      "engines": {
        "node": ">=16"
      }
    },
    "node_modules/opencode-ai": {
      "version": "1.18.3",
      "resolved": "https://registry.npmjs.org/opencode-ai/-/opencode-ai-1.18.3.tgz",
      "integrity": "sha512-HnItl/+uhSpj7JV9x6ITiE0XFq4b/PKF5OM03TIyiFoFiLw3MQoJOAXZFTEzC7IOgAIYcysRQBBmCmlXILkxww==",
      "cpu": [
        "arm64",
        "x64"
      ],
      "hasInstallScript": true,
      "license": "MIT",
      "os": [
        "darwin",
        "linux",
        "win32"
      ],
      "bin": {
        "opencode": "bin/opencode.exe"
      },
      "optionalDependencies": {
        "opencode-darwin-arm64": "1.18.3",
        "opencode-darwin-x64": "1.18.3",
        "opencode-darwin-x64-baseline": "1.18.3",
        "opencode-linux-arm64": "1.18.3",
        "opencode-linux-arm64-musl": "1.18.3",
        "opencode-linux-x64": "1.18.3",
        "opencode-linux-x64-baseline": "1.18.3",
        "opencode-linux-x64-baseline-musl": "1.18.3",
        "opencode-linux-x64-musl": "1.18.3",
        "opencode-windows-arm64": "1.18.3",
        "opencode-windows-x64": "1.18.3",
        "opencode-windows-x64-baseline": "1.18.3"
      }
    },
    "node_modules/opencode-darwin-arm64": {
      "version": "1.18.3",
      "resolved": "https://registry.npmjs.org/opencode-darwin-arm64/-/opencode-darwin-arm64-1.18.3.tgz",
      "integrity": "sha512-BkfJf4E502OVwpDXgaVz8eqTDOy2B9xXPefYebT+xv8TXYvEo1wtby4eu4MoN51o4o1qpzcvCCXDqUDXu1pBGQ==",
      "cpu": [
        "arm64"
      ],
      "optional": true,
      "os": [
        "darwin"
      ]
    },
    "node_modules/opencode-darwin-x64": {
      "version": "1.18.3",
      "resolved": "https://registry.npmjs.org/opencode-darwin-x64/-/opencode-darwin-x64-1.18.3.tgz",
      "integrity": "sha512-ujy61O3WUEHjPqk+qXMBl97zR9q3crOzHbm2VLmXLHUWbqB5ZtN1HToODbuI1SBMKVR8GyZwPygRQVMfON4DHg==",
      "cpu": [
        "x64"
      ],
      "optional": true,
      "os": [
        "darwin"
      ]
    },
    "node_modules/opencode-darwin-x64-baseline": {
      "version": "1.18.3",
      "resolved": "https://registry.npmjs.org/opencode-darwin-x64-baseline/-/opencode-darwin-x64-baseline-1.18.3.tgz",
      "integrity": "sha512-8qQ9Ig7Zp7LEKaKGRL+OIlDb/uTLYkeAq6SGsN0fLHR2rHZRHyb61KrpkS5TgUlGwSWPtb5uCeVtTA9rGbEAKw==",
      "cpu": [
        "x64"
      ],
      "optional": true,
      "os": [
        "darwin"
      ]
    },
    "node_modules/opencode-linux-arm64": {
      "version": "1.18.3",
      "resolved": "https://registry.npmjs.org/opencode-linux-arm64/-/opencode-linux-arm64-1.18.3.tgz",
      "integrity": "sha512-K+1SPkfrYFUufPUYpbSurlB2ogpjv5in2usA1FwOM7HCOpNxR3ap7K+X4uQXnOV8AtsON+Vr9W5uYXQJA1yKlA==",
      "cpu": [
        "arm64"
      ],
      "optional": true,
      "os": [
        "linux"
      ]
    },
    "node_modules/opencode-linux-arm64-musl": {
      "version": "1.18.3",
      "resolved": "https://registry.npmjs.org/opencode-linux-arm64-musl/-/opencode-linux-arm64-musl-1.18.3.tgz",
      "integrity": "sha512-s1vNP8dpIH3vFs8aoMzgHViBNVz6xtR7n24gGg0WOw4uSZVM+sRUmZKc3Hj56XjHQSsVBg5AkwR2Xm0nFSfIUQ==",
      "cpu": [
        "arm64"
      ],
      "libc": [
        "musl"
      ],
      "optional": true,
      "os": [
        "linux"
      ]
    },
    "node_modules/opencode-linux-x64": {
      "version": "1.18.3",
      "resolved": "https://registry.npmjs.org/opencode-linux-x64/-/opencode-linux-x64-1.18.3.tgz",
      "integrity": "sha512-p+19dSTf3pWL3+Rh/Ym94DvS9mNxNG94HJnR5oMCDhQvgimdT5tSdoK4ETtk4XOoCKz3OcTQDPHTdYKcJg32KQ==",
      "cpu": [
        "x64"
      ],
      "optional": true,
      "os": [
        "linux"
      ]
    },
    "node_modules/opencode-linux-x64-baseline": {
      "version": "1.18.3",
      "resolved": "https://registry.npmjs.org/opencode-linux-x64-baseline/-/opencode-linux-x64-baseline-1.18.3.tgz",
      "integrity": "sha512-DDfspGSQ123yhsFhAlbpF+tsvje5kHOS2/PYUpWJroTlvgtqRLGmET51Anrxd5BrAFrqB6PXYA2kGh5QStPU/g==",
      "cpu": [
        "x64"
      ],
      "optional": true,
      "os": [
        "linux"
      ]
    },
    "node_modules/opencode-linux-x64-baseline-musl": {
      "version": "1.18.3",
      "resolved": "https://registry.npmjs.org/opencode-linux-x64-baseline-musl/-/opencode-linux-x64-baseline-musl-1.18.3.tgz",
      "integrity": "sha512-F2nNPqYPdTCydLvNH1rvSXdlX3pfmOmOOfsFl+pqi3W0iE3Alyxmv28AjrIGUw4/6EfWhMKYcyxKjNIKLFyaZQ==",
      "cpu": [
        "x64"
      ],
      "libc": [
        "musl"
      ],
      "optional": true,
      "os": [
        "linux"
      ]
    },
    "node_modules/opencode-linux-x64-musl": {
      "version": "1.18.3",
      "resolved": "https://registry.npmjs.org/opencode-linux-x64-musl/-/opencode-linux-x64-musl-1.18.3.tgz",
      "integrity": "sha512-SSp2zSpAM4dntcPZw8ISl3CmXYrWPftLc8u0HuAIeNWJOo6G4xAHPoXhNnXI3tQYqqGcppArf/3EMPnF9WnyFw==",
      "cpu": [
        "x64"
      ],
      "libc": [
        "musl"
      ],
      "optional": true,
      "os": [
        "linux"
      ]
    },
    "node_modules/opencode-windows-arm64": {
      "version": "1.18.3",
      "resolved": "https://registry.npmjs.org/opencode-windows-arm64/-/opencode-windows-arm64-1.18.3.tgz",
      "integrity": "sha512-qkz9/r6kUhhgLycQv71MoSQ2m5UI2QnZZx8SeZgyYD7oB8pDH6DIGbDWcs6BJ02ND1Y5hmgYWlP+rOrMkGlMJw==",
      "cpu": [
        "arm64"
      ],
      "optional": true,
      "os": [
        "win32"
      ]
    },
    "node_modules/opencode-windows-x64": {
      "version": "1.18.3",
      "resolved": "https://registry.npmjs.org/opencode-windows-x64/-/opencode-windows-x64-1.18.3.tgz",
      "integrity": "sha512-V/Q4VkyZ7TkotLbpTCX/s5wP8MoFj5UnRqBHFJ8WGptb/+oYw36kamUUt1P1wN8iRjmw+8vwYhuYdAe+3xbgpQ==",
      "cpu": [
        "x64"
      ],
      "optional": true,
      "os": [
        "win32"
      ]
    },
    "node_modules/opencode-windows-x64-baseline": {
      "version": "1.18.3",
      "resolved": "https://registry.npmjs.org/opencode-windows-x64-baseline/-/opencode-windows-x64-baseline-1.18.3.tgz",
      "integrity": "sha512-+tyoxwSfY7msfZNY1IoA0ZWRL9XfdqY+ash6U3ldfE+GfF2WNAdhewmmYiUsC4lHjkdSmLt2brdWgoebQK9HAg==",
      "cpu": [
        "x64"
      ],
      "optional": true,
      "os": [
        "win32"
      ]
    }
  }
}
